# This file is automatically @generated by Cargo.
# It is not intended for manual editing.
version = 4

[[package]]
name = "array-concat"
version = "0.5.5"
source = "registry+https://github.com/rust-lang/crates.io-index"
checksum = "de9067cfeb22d851858da2a5af9a82e385d363623094efa61cef7a45e651fc81"

[[package]]
name = "autocfg"
version = "1.5.1"
source = "registry+https://github.com/rust-lang/crates.io-index"
checksum = "f2032f911046de80f0a198e0901378627c33f59ea0ac00e363d481118bd70a53"

[[package]]
name = "bobcat-host"
version = "0.11.7"
source = "registry+https://github.com/rust-lang/crates.io-index"
checksum = "31ec63e9cfbb2f04e17e5615313a771cc74e14f68e72cc6dbb7c21c8b927da86"
dependencies = [
 "const-hex",
 "keccak-const",
]

[[package]]
name = "bobcat-maths"
version = "0.11.7"
source = "registry+https://github.com/rust-lang/crates.io-index"
checksum = "50ecd9082be8cd20ccacf57cd0f63bb46b0afc5dcc6946767e979133760d24fa"
dependencies = [
 "array-concat",
 "bobcat-host",
 "bobcat-panic",
 "cfg-if",
 "const-hex",
 "mutants",
 "num-traits",
 "paste",
]

[[package]]
name = "bobcat-panic"
version = "0.11.7"
source = "registry+https://github.com/rust-lang/crates.io-index"
checksum = "3620bb40ca4913eb42e82805deda5df87eadf55c714b3b99b886f67522fddf2f"
dependencies = [
 "bobcat-host",
 "const-hex",
 "paste",
]

[[package]]
name = "bobcat-units"
version = "0.1.0"
dependencies = [
 "bobcat-maths",
]

[[package]]
name = "cfg-if"
version = "1.0.5"
source = "registry+https://github.com/rust-lang/crates.io-index"
checksum = "4e7648175b45a9a48536d676f68d918270699102aa8dab5496df06904c914600"

[[package]]
name = "const-hex"
version = "1.19.3"
source = "registry+https://github.com/rust-lang/crates.io-index"
checksum = "0e59eef12462b0f9b0a3620219be5d639afd79fe39dff0a42c3997061f9298b4"
dependencies = [
 "cfg-if",
 "cpufeatures",
]

[[package]]
name = "cpufeatures"
version = "0.2.17"
source = "registry+https://github.com/rust-lang/crates.io-index"
checksum = "59ed5838eebb26a2bb2e58f6d5b5316989ae9d08bab10e0e6d103e656d1b0280"
dependencies = [
 "libc",
]

[[package]]
name = "keccak-const"
version = "0.2.0"
source = "registry+https://github.com/rust-lang/crates.io-index"
checksum = "57d8d8ce877200136358e0bbff3a77965875db3af755a11e1fa6b1b3e2df13ea"

[[package]]
name = "libc"
version = "0.2.190"
source = "registry+https://github.com/rust-lang/crates.io-index"
checksum = "ce5d3ddc6d3fa000eb1536d85e147bfe31aacaba692ed6a876f95cb7c855be78"

[[package]]
name = "mutants"
version = "0.0.4"
source = "registry+https://github.com/rust-lang/crates.io-index"
checksum = "add0ac067452ff1aca8c5002111bd6b1c895baee6e45fcbc44e0193aea17be56"

[[package]]
name = "num-traits"
version = "0.2.19"
source = "registry+https://github.com/rust-lang/crates.io-index"
checksum = "071dfc062690e90b734c0b2273ce72ad0ffa95f0c74596bc250dcfd960262841"
dependencies = [
 "autocfg",
]

[[package]]
name = "paste"
version = "1.0.15"
source = "registry+https://github.com/rust-lang/crates.io-index"
checksum = "57c0d7b74b563b49d38dae00a0c37d4d6de9b432382b2892f0574ddcae73fd0a"
